
Microsoft Visual Studio Solution File, Format Version 12.00
# Visual Studio Version 16
VisualStudioVersion = 16.0.33130.400
MinimumVisualStudioVersion = 10.0.40219.1
Project("{FAE04EC0-301F-11D3-BF4B-00C04F79EFBC}") = "UserClass", "UserClass.csproj", "{9F68BCAA-ED7C-4624-8C65-67F2214EA77D}"
EndProject
Global
	GlobalSection(SolutionConfigurationPlatforms) = preSolution
		Debug|Any CPU = Debug|Any CPU
		Release|Any CPU = Release|Any CPU
	EndGlobalSection
	GlobalSection(ProjectConfigurationPlatforms) = postSolution
		{9F68BCAA-ED7C-4624-8C65-67F2214EA77D}.Debug|Any CPU.ActiveCfg = Debug|Any CPU
		{9F68BCAA-ED7C-4624-8C65-67F2214EA77D}.Debug|Any CPU.Build.0 = Debug|Any CPU
		{9F68BCAA-ED7C-4624-8C65-67F2214EA77D}.Release|Any CPU.ActiveCfg = Release|Any CPU
		{9F68BCAA-ED7C-4624-8C65-67F2214EA77D}.Release|Any CPU.Build.0 = Release|Any CPU
	EndGlobalSection
	GlobalSection(SolutionProperties) = preSolution
		HideSolutionNode = FALSE
	EndGlobalSection
	GlobalSection(ExtensibilityGlobals) = postSolution
		SolutionGuid = {7CD10700-68C6-49F4-9255-16A972183311}
	EndGlobalSection
EndGlobal
